
Microsoft Visual Studio Solution File, Format Version 12.00
# Visual Studio Version 17
VisualStudioVersion = 17.14.36127.28
MinimumVisualStudioVersion = 10.0.40219.1
Project("{FAE04EC0-301F-11D3-BF4B-00C04F79EFBC}") = "SelfZNab_Api", "SelfZNab\SelfZNab_Api.csproj", "{C6918921-2D0E-4AED-A131-4672804A93F4}"
EndProject
Project("{FAE04EC0-301F-11D3-BF4B-00C04F79EFBC}") = "SelfZNab_Tests", "SelfZNab_Tests\SelfZNab_Tests.csproj", "{6158278F-0AA9-4D6C-B984-AA094E877D89}"
EndProject
Project("{FAE04EC0-301F-11D3-BF4B-00C04F79EFBC}") = "SelfZNab_IntegrationTest", "SelfZNab_IntegrationTest\SelfZNab_IntegrationTest.csproj", "{B56E00A5-6D7B-4F2A-8611-6656494FB352}"
EndProject
Project("{2150E333-8FDC-42A3-9474-1A3956D46DE8}") = "Solution Items", "Solution Items", "{464BAA0D-8436-40C5-8C61-E8D5DFE6AAFE}"
	ProjectSection(SolutionItems) = preProject
		test.runsettings = test.runsettings
	EndProjectSection
EndProject
Global
	GlobalSection(SolutionConfigurationPlatforms) = preSolution
		Debug|Any CPU = Debug|Any CPU
		Release|Any CPU = Release|Any CPU
	EndGlobalSection
	GlobalSection(ProjectConfigurationPlatforms) = postSolution
		{C6918921-2D0E-4AED-A131-4672804A93F4}.Debug|Any CPU.ActiveCfg = Debug|Any CPU
		{C6918921-2D0E-4AED-A131-4672804A93F4}.Debug|Any CPU.Build.0 = Debug|Any CPU
		{C6918921-2D0E-4AED-A131-4672804A93F4}.Release|Any CPU.ActiveCfg = Release|Any CPU
		{C6918921-2D0E-4AED-A131-4672804A93F4}.Release|Any CPU.Build.0 = Release|Any CPU
		{6158278F-0AA9-4D6C-B984-AA094E877D89}.Debug|Any CPU.ActiveCfg = Debug|Any CPU
		{6158278F-0AA9-4D6C-B984-AA094E877D89}.Debug|Any CPU.Build.0 = Debug|Any CPU
		{6158278F-0AA9-4D6C-B984-AA094E877D89}.Release|Any CPU.ActiveCfg = Release|Any CPU
		{6158278F-0AA9-4D6C-B984-AA094E877D89}.Release|Any CPU.Build.0 = Release|Any CPU
		{B56E00A5-6D7B-4F2A-8611-6656494FB352}.Debug|Any CPU.ActiveCfg = Debug|Any CPU
		{B56E00A5-6D7B-4F2A-8611-6656494FB352}.Debug|Any CPU.Build.0 = Debug|Any CPU
		{B56E00A5-6D7B-4F2A-8611-6656494FB352}.Release|Any CPU.ActiveCfg = Release|Any CPU
		{B56E00A5-6D7B-4F2A-8611-6656494FB352}.Release|Any CPU.Build.0 = Release|Any CPU
	EndGlobalSection
	GlobalSection(SolutionProperties) = preSolution
		HideSolutionNode = FALSE
	EndGlobalSection
	GlobalSection(ExtensibilityGlobals) = postSolution
		SolutionGuid = {7EE6CC19-1282-4549-9F9B-46C73D4BA9AA}
	EndGlobalSection
EndGlobal
